
Microsoft Visual Studio Solution File, Format Version 12.00
# Visual Studio Version 17
VisualStudioVersion = 17.9.34714.143
MinimumVisualStudioVersion = 10.0.40219.1
Project("{FAE04EC0-301F-11D3-BF4B-00C04F79EFBC}") = "AccesoDatos", "AccesoDatos\AccesoDatos.csproj", "{C6BE48CB-C598-4AA9-BDA0-5F9DE1EFFA87}"
EndProject
Project("{FAE04EC0-301F-11D3-BF4B-00C04F79EFBC}") = "Cache", "Cache\Cache.csproj", "{4BBB0B00-C24D-4C06-92EC-5766A987496A}"
EndProject
Project("{FAE04EC0-301F-11D3-BF4B-00C04F79EFBC}") = "Datos", "Datos\Datos.csproj", "{6B512716-C2E8-43B5-992C-183B55156B8A}"
EndProject
Project("{FAE04EC0-301F-11D3-BF4B-00C04F79EFBC}") = "Logica", "Logica\Logica.csproj", "{3C0E7078-9DF2-499E-B2BA-498F080ED9F6}"
EndProject
Project("{FAE04EC0-301F-11D3-BF4B-00C04F79EFBC}") = "APIBacks", "APIBacks\APIBacks.csproj", "{FD89118C-52DD-430B-8800-48EAD7D14589}"
EndProject
Project("{FAE04EC0-301F-11D3-BF4B-00C04F79EFBC}") = "APIBack_REST", "APIBack_REST\APIBack_REST.csproj", "{CBC7D4D0-8889-4BC1-A087-A334D999EDB5}"
EndProject
Global
	GlobalSection(SolutionConfigurationPlatforms) = preSolution
		Debug|Any CPU = Debug|Any CPU
		Release|Any CPU = Release|Any CPU
	EndGlobalSection
	GlobalSection(ProjectConfigurationPlatforms) = postSolution
		{C6BE48CB-C598-4AA9-BDA0-5F9DE1EFFA87}.Debug|Any CPU.ActiveCfg = Debug|Any CPU
		{C6BE48CB-C598-4AA9-BDA0-5F9DE1EFFA87}.Debug|Any CPU.Build.0 = Debug|Any CPU
		{C6BE48CB-C598-4AA9-BDA0-5F9DE1EFFA87}.Release|Any CPU.ActiveCfg = Release|Any CPU
		{C6BE48CB-C598-4AA9-BDA0-5F9DE1EFFA87}.Release|Any CPU.Build.0 = Release|Any CPU
		{4BBB0B00-C24D-4C06-92EC-5766A987496A}.Debug|Any CPU.ActiveCfg = Debug|Any CPU
		{4BBB0B00-C24D-4C06-92EC-5766A987496A}.Debug|Any CPU.Build.0 = Debug|Any CPU
		{4BBB0B00-C24D-4C06-92EC-5766A987496A}.Release|Any CPU.ActiveCfg = Release|Any CPU
		{4BBB0B00-C24D-4C06-92EC-5766A987496A}.Release|Any CPU.Build.0 = Release|Any CPU
		{6B512716-C2E8-43B5-992C-183B55156B8A}.Debug|Any CPU.ActiveCfg = Debug|Any CPU
		{6B512716-C2E8-43B5-992C-183B55156B8A}.Debug|Any CPU.Build.0 = Debug|Any CPU
		{6B512716-C2E8-43B5-992C-183B55156B8A}.Release|Any CPU.ActiveCfg = Release|Any CPU
		{6B512716-C2E8-43B5-992C-183B55156B8A}.Release|Any CPU.Build.0 = Release|Any CPU
		{3C0E7078-9DF2-499E-B2BA-498F080ED9F6}.Debug|Any CPU.ActiveCfg = Debug|Any CPU
		{3C0E7078-9DF2-499E-B2BA-498F080ED9F6}.Debug|Any CPU.Build.0 = Debug|Any CPU
		{3C0E7078-9DF2-499E-B2BA-498F080ED9F6}.Release|Any CPU.ActiveCfg = Release|Any CPU
		{3C0E7078-9DF2-499E-B2BA-498F080ED9F6}.Release|Any CPU.Build.0 = Release|Any CPU
		{FD89118C-52DD-430B-8800-48EAD7D14589}.Debug|Any CPU.ActiveCfg = Debug|Any CPU
		{FD89118C-52DD-430B-8800-48EAD7D14589}.Debug|Any CPU.Build.0 = Debug|Any CPU
		{FD89118C-52DD-430B-8800-48EAD7D14589}.Release|Any CPU.ActiveCfg = Release|Any CPU
		{FD89118C-52DD-430B-8800-48EAD7D14589}.Release|Any CPU.Build.0 = Release|Any CPU
		{CBC7D4D0-8889-4BC1-A087-A334D999EDB5}.Debug|Any CPU.ActiveCfg = Debug|Any CPU
		{CBC7D4D0-8889-4BC1-A087-A334D999EDB5}.Debug|Any CPU.Build.0 = Debug|Any CPU
		{CBC7D4D0-8889-4BC1-A087-A334D999EDB5}.Release|Any CPU.ActiveCfg = Release|Any CPU
		{CBC7D4D0-8889-4BC1-A087-A334D999EDB5}.Release|Any CPU.Build.0 = Release|Any CPU
	EndGlobalSection
	GlobalSection(SolutionProperties) = preSolution
		HideSolutionNode = FALSE
	EndGlobalSection
	GlobalSection(ExtensibilityGlobals) = postSolution
		SolutionGuid = {2B5C3BE9-F358-4685-A110-9D386764A672}
	EndGlobalSection
EndGlobal
